{
  "version": 4,
  "terraform_version": "1.1.9",
  "serial": 12,
  "lineage": "02f29f49-6551-623a-315a-658e21e73557",
  "outputs": {
    "external_ip_address_vm_1": {
      "value": "51.250.105.9",
      "type": "string"
    },
    "external_ip_address_vm_2": {
      "value": "62.84.123.164",
      "type": "string"
    },
    "internal_ip_address_vm_1": {
      "value": "192.168.13.30",
      "type": "string"
    },
    "internal_ip_address_vm_2": {
      "value": "192.168.13.17",
      "type": "string"
    }
  },
  "resources": [
    {
      "mode": "managed",
      "type": "yandex_compute_instance",
      "name": "vm-1",
      "provider": "provider[\"registry.terraform.io/yandex-cloud/yandex\"]",
      "instances": [
        {
          "schema_version": 1,
          "attributes": {
            "allow_recreate": null,
            "allow_stopping_for_update": null,
            "boot_disk": [
              {
                "auto_delete": true,
                "device_name": "epdk7nbr8gucv8c1m4jg",
                "disk_id": "epdk7nbr8gucv8c1m4jg",
                "initialize_params": [
                  {
                    "block_size": 4096,
                    "description": "",
                    "image_id": "fd82b8qen6p7dri7kpi7",
                    "name": "",
                    "size": 30,
                    "snapshot_id": "",
                    "type": "network-hdd"
                  }
                ],
                "mode": "READ_WRITE"
              }
            ],
            "created_at": "2022-04-28T11:38:11Z",
            "description": "",
            "folder_id": "b1gkgthf18fqkuii66ht",
            "fqdn": "epdnekm4hhfqpgc9rdkc.auto.internal",
            "hostname": "epdnekm4hhfqpgc9rdkc",
            "id": "epdnekm4hhfqpgc9rdkc",
            "labels": null,
            "metadata": {
              "ssh-keys": "ubuntu:ssh-rsa AAAAB3NzaC1yc2EAAAADAQABAAABAQDP3dokE/N6evLfjs58BcJW+LO7JhxG7ID4dll9W2pm7ZevTJNaE1cy+a2evXN0zmspKALLCXE+ZFjQnfKzaVM4hwGTZMhD3wPUfviYb0ecbAdHhQAJCnCCPayVqXQ8YcGfzR7qwfzW7b2YjUCKuc4DXJO7+iU2FoQgxIBomrWvmclRGDYMfUShRYr6worwGGUfZQtj0iuGsAJ/D0vatCKnM7VBCJXYqGPv1VYoHav20jlaRZ7GOiHj2kYN2oXb68MudtmZBx8F56UB2OA3RMIPNmlsx9cvCXbeMqhxNXiXvMJRfVZsaVHj95x4rx//T0WCxoHtTG7TvUo2U3MTuy+j pgk\\turganovai@Turganov-15IL\r\n",
              "user_data": "#cloud-config\nssh_pwauth: no\nusers:\n  - name: turganovai\n    sudo: ALL=(ALL) NOPASSWD:ALL\n    shell: /bin/bash\n    ssh_authorized_keys:\n      - \"ssh-rsa AAAAB3NzaC1yc2EAAAADAQABAAABAQDP3dokE/N6evLfjs58BcJW+LO7JhxG7ID4dll9W2pm7ZevTJNaE1cy+a2evXN0zmspKALLCXE+ZFjQnfKzaVM4hwGTZMhD3wPUfviYb0ecbAdHhQAJCnCCPayVqXQ8YcGfzR7qwfzW7b2YjUCKuc4DXJO7+iU2FoQgxIBomrWvmclRGDYMfUShRYr6worwGGUfZQtj0iuGsAJ/D0vatCKnM7VBCJXYqGPv1VYoHav20jlaRZ7GOiHj2kYN2oXb68MudtmZBx8F56UB2OA3RMIPNmlsx9cvCXbeMqhxNXiXvMJRfVZsaVHj95x4rx//T0WCxoHtTG7TvUo2U3MTuy+j pgk\\turganovai@Turganov-15IL\""
            },
            "name": "netology-1",
            "network_acceleration_type": "standard",
            "network_interface": [
              {
                "dns_record": [],
                "index": 0,
                "ip_address": "192.168.13.30",
                "ipv4": true,
                "ipv6": false,
                "ipv6_address": "",
                "ipv6_dns_record": [],
                "mac_address": "d0:0d:17:75:2c:48",
                "nat": true,
                "nat_dns_record": [],
                "nat_ip_address": "51.250.105.9",
                "nat_ip_version": "IPV4",
                "security_group_ids": [],
                "subnet_id": "e2l1cdg7vknq8868c6dc"
              }
            ],
            "placement_policy": [
              {
                "host_affinity_rules": [],
                "placement_group_id": ""
              }
            ],
            "platform_id": "standard-v1",
            "resources": [
              {
                "core_fraction": 100,
                "cores": 2,
                "gpus": 0,
                "memory": 2
              }
            ],
            "scheduling_policy": [
              {
                "preemptible": false
              }
            ],
            "secondary_disk": [],
            "service_account_id": "",
            "status": "running",
            "timeouts": null,
            "zone": "ru-central1-b"
          },
          "sensitive_attributes": [],
          "private": "eyJlMmJmYjczMC1lY2FhLTExZTYtOGY4OC0zNDM2M2JjN2M0YzAiOnsiY3JlYXRlIjozMDAwMDAwMDAwMDAsImRlbGV0ZSI6MzAwMDAwMDAwMDAwLCJ1cGRhdGUiOjMwMDAwMDAwMDAwMH0sInNjaGVtYV92ZXJzaW9uIjoiMSJ9",
          "dependencies": [
            "yandex_vpc_subnet.subnet-1"
          ]
        }
      ]
    },
    {
      "mode": "managed",
      "type": "yandex_compute_instance",
      "name": "vm-2",
      "provider": "provider[\"registry.terraform.io/yandex-cloud/yandex\"]",
      "instances": [
        {
          "schema_version": 1,
          "attributes": {
            "allow_recreate": null,
            "allow_stopping_for_update": null,
            "boot_disk": [
              {
                "auto_delete": true,
                "device_name": "epdddbes2oqbcvsbrrv1",
                "disk_id": "epdddbes2oqbcvsbrrv1",
                "initialize_params": [
                  {
                    "block_size": 4096,
                    "description": "",
                    "image_id": "fd82b8qen6p7dri7kpi7",
                    "name": "",
                    "size": 30,
                    "snapshot_id": "",
                    "type": "network-hdd"
                  }
                ],
                "mode": "READ_WRITE"
              }
            ],
            "created_at": "2022-04-28T11:33:43Z",
            "description": "",
            "folder_id": "b1gkgthf18fqkuii66ht",
            "fqdn": "epd4krhh6hr0o1spn6gq.auto.internal",
            "hostname": "epd4krhh6hr0o1spn6gq",
            "id": "epd4krhh6hr0o1spn6gq",
            "labels": {},
            "metadata": {
              "ssh-keys": "ubuntu:ssh-rsa AAAAB3NzaC1yc2EAAAADAQABAAABAQDP3dokE/N6evLfjs58BcJW+LO7JhxG7ID4dll9W2pm7ZevTJNaE1cy+a2evXN0zmspKALLCXE+ZFjQnfKzaVM4hwGTZMhD3wPUfviYb0ecbAdHhQAJCnCCPayVqXQ8YcGfzR7qwfzW7b2YjUCKuc4DXJO7+iU2FoQgxIBomrWvmclRGDYMfUShRYr6worwGGUfZQtj0iuGsAJ/D0vatCKnM7VBCJXYqGPv1VYoHav20jlaRZ7GOiHj2kYN2oXb68MudtmZBx8F56UB2OA3RMIPNmlsx9cvCXbeMqhxNXiXvMJRfVZsaVHj95x4rx//T0WCxoHtTG7TvUo2U3MTuy+j pgk\\turganovai@Turganov-15IL\r\n",
              "user_data": "#cloud-config\nssh_pwauth: no\nusers:\n  - name: turganovai\n    sudo: ALL=(ALL) NOPASSWD:ALL\n    shell: /bin/bash\n    ssh_authorized_keys:\n      - \"ssh-rsa AAAAB3NzaC1yc2EAAAADAQABAAABAQDP3dokE/N6evLfjs58BcJW+LO7JhxG7ID4dll9W2pm7ZevTJNaE1cy+a2evXN0zmspKALLCXE+ZFjQnfKzaVM4hwGTZMhD3wPUfviYb0ecbAdHhQAJCnCCPayVqXQ8YcGfzR7qwfzW7b2YjUCKuc4DXJO7+iU2FoQgxIBomrWvmclRGDYMfUShRYr6worwGGUfZQtj0iuGsAJ/D0vatCKnM7VBCJXYqGPv1VYoHav20jlaRZ7GOiHj2kYN2oXb68MudtmZBx8F56UB2OA3RMIPNmlsx9cvCXbeMqhxNXiXvMJRfVZsaVHj95x4rx//T0WCxoHtTG7TvUo2U3MTuy+j pgk\\turganovai@Turganov-15IL\""
            },
            "name": "netology-2",
            "network_acceleration_type": "standard",
            "network_interface": [
              {
                "dns_record": [],
                "index": 0,
                "ip_address": "192.168.13.17",
                "ipv4": true,
                "ipv6": false,
                "ipv6_address": "",
                "ipv6_dns_record": [],
                "mac_address": "d0:0d:4a:6e:31:34",
                "nat": true,
                "nat_dns_record": [],
                "nat_ip_address": "62.84.123.164",
                "nat_ip_version": "IPV4",
                "security_group_ids": [],
                "subnet_id": "e2l1cdg7vknq8868c6dc"
              }
            ],
            "placement_policy": [
              {
                "host_affinity_rules": [],
                "placement_group_id": ""
              }
            ],
            "platform_id": "standard-v1",
            "resources": [
              {
                "core_fraction": 100,
                "cores": 2,
                "gpus": 0,
                "memory": 2
              }
            ],
            "scheduling_policy": [
              {
                "preemptible": false
              }
            ],
            "secondary_disk": [],
            "service_account_id": "",
            "status": "running",
            "timeouts": null,
            "zone": "ru-central1-b"
          },
          "sensitive_attributes": [],
          "private": "eyJlMmJmYjczMC1lY2FhLTExZTYtOGY4OC0zNDM2M2JjN2M0YzAiOnsiY3JlYXRlIjozMDAwMDAwMDAwMDAsImRlbGV0ZSI6MzAwMDAwMDAwMDAwLCJ1cGRhdGUiOjMwMDAwMDAwMDAwMH0sInNjaGVtYV92ZXJzaW9uIjoiMSJ9",
          "dependencies": [
            "yandex_vpc_subnet.subnet-1"
          ]
        }
      ]
    },
    {
      "mode": "managed",
      "type": "yandex_vpc_network",
      "name": "network-1",
      "provider": "provider[\"registry.terraform.io/yandex-cloud/yandex\"]",
      "instances": [
        {
          "schema_version": 0,
          "attributes": {
            "created_at": "2022-04-28T11:32:28Z",
            "default_security_group_id": "",
            "description": "",
            "folder_id": "b1gkgthf18fqkuii66ht",
            "id": "enpe3epii86iu8oic42h",
            "labels": {},
            "name": "network1",
            "subnet_ids": [
              "e2l1cdg7vknq8868c6dc"
            ],
            "timeouts": null
          },
          "sensitive_attributes": [],
          "private": "eyJlMmJmYjczMC1lY2FhLTExZTYtOGY4OC0zNDM2M2JjN2M0YzAiOnsiY3JlYXRlIjo2MDAwMDAwMDAwMCwiZGVsZXRlIjo2MDAwMDAwMDAwMCwidXBkYXRlIjo2MDAwMDAwMDAwMH19"
        }
      ]
    },
    {
      "mode": "managed",
      "type": "yandex_vpc_subnet",
      "name": "subnet-1",
      "provider": "provider[\"registry.terraform.io/yandex-cloud/yandex\"]",
      "instances": [
        {
          "schema_version": 0,
          "attributes": {
            "created_at": "2022-04-28T11:32:29Z",
            "description": "",
            "dhcp_options": [],
            "folder_id": "b1gkgthf18fqkuii66ht",
            "id": "e2l1cdg7vknq8868c6dc",
            "labels": {},
            "name": "subnet1",
            "network_id": "enpe3epii86iu8oic42h",
            "route_table_id": "",
            "timeouts": null,
            "v4_cidr_blocks": [
              "192.168.13.0/24"
            ],
            "v6_cidr_blocks": [],
            "zone": "ru-central1-b"
          },
          "sensitive_attributes": [],
          "private": "eyJlMmJmYjczMC1lY2FhLTExZTYtOGY4OC0zNDM2M2JjN2M0YzAiOnsiY3JlYXRlIjoxODAwMDAwMDAwMDAsImRlbGV0ZSI6MTgwMDAwMDAwMDAwLCJ1cGRhdGUiOjE4MDAwMDAwMDAwMH19",
          "dependencies": [
            "yandex_vpc_network.network-1"
          ]
        }
      ]
    }
  ]
}
